
Microsoft Visual Studio Solution File, Format Version 12.00
# Visual Studio Version 16
VisualStudioVersion = 16.0.32802.440
MinimumVisualStudioVersion = 10.0.40219.1
Project("{2150E333-8FDC-42A3-9474-1A3956D46DE8}") = "02 - Modelo de datos", "02 - Modelo de datos", "{8ED0F069-05CA-49A8-8EA5-905D984F55D5}"
EndProject
Project("{2150E333-8FDC-42A3-9474-1A3956D46DE8}") = "01 - Presentacion", "01 - Presentacion", "{F85FBC2B-F07A-46F9-8877-8B3B8138DC7F}"
EndProject
Project("{FAE04EC0-301F-11D3-BF4B-00C04F79EFBC}") = "ProcesamientoDeValidaciones", "ProcesamientoDeValidaciones\ProcesamientoDeValidaciones.csproj", "{F6666FBE-C816-418B-BA43-1CA22007D03C}"
EndProject
Project("{9A19103F-16F7-4668-BE54-9A1E7A4F7556}") = "ModeloDeDatos", "ModeloDeDatos\ModeloDeDatos.csproj", "{70AFD510-8424-4572-9C8C-608227E2D7C2}"
EndProject
Project("{2150E333-8FDC-42A3-9474-1A3956D46DE8}") = "03 - Utilidades", "03 - Utilidades", "{8384D5CC-2A9E-474E-9014-BFB745DE9E71}"
EndProject
Project("{FAE04EC0-301F-11D3-BF4B-00C04F79EFBC}") = "Utilidades", "Utilidades\Utilidades.csproj", "{885E08CB-ED7E-4BB0-B258-D1F38871B27A}"
EndProject
Global
	GlobalSection(SolutionConfigurationPlatforms) = preSolution
		Debug|Any CPU = Debug|Any CPU
		Release|Any CPU = Release|Any CPU
	EndGlobalSection
	GlobalSection(ProjectConfigurationPlatforms) = postSolution
		{F6666FBE-C816-418B-BA43-1CA22007D03C}.Debug|Any CPU.ActiveCfg = Debug|Any CPU
		{F6666FBE-C816-418B-BA43-1CA22007D03C}.Debug|Any CPU.Build.0 = Debug|Any CPU
		{F6666FBE-C816-418B-BA43-1CA22007D03C}.Release|Any CPU.ActiveCfg = Release|Any CPU
		{F6666FBE-C816-418B-BA43-1CA22007D03C}.Release|Any CPU.Build.0 = Release|Any CPU
		{70AFD510-8424-4572-9C8C-608227E2D7C2}.Debug|Any CPU.ActiveCfg = Debug|Any CPU
		{70AFD510-8424-4572-9C8C-608227E2D7C2}.Debug|Any CPU.Build.0 = Debug|Any CPU
		{70AFD510-8424-4572-9C8C-608227E2D7C2}.Release|Any CPU.ActiveCfg = Release|Any CPU
		{70AFD510-8424-4572-9C8C-608227E2D7C2}.Release|Any CPU.Build.0 = Release|Any CPU
		{885E08CB-ED7E-4BB0-B258-D1F38871B27A}.Debug|Any CPU.ActiveCfg = Debug|Any CPU
		{885E08CB-ED7E-4BB0-B258-D1F38871B27A}.Debug|Any CPU.Build.0 = Debug|Any CPU
		{885E08CB-ED7E-4BB0-B258-D1F38871B27A}.Release|Any CPU.ActiveCfg = Release|Any CPU
		{885E08CB-ED7E-4BB0-B258-D1F38871B27A}.Release|Any CPU.Build.0 = Release|Any CPU
	EndGlobalSection
	GlobalSection(SolutionProperties) = preSolution
		HideSolutionNode = FALSE
	EndGlobalSection
	GlobalSection(NestedProjects) = preSolution
		{F6666FBE-C816-418B-BA43-1CA22007D03C} = {F85FBC2B-F07A-46F9-8877-8B3B8138DC7F}
		{70AFD510-8424-4572-9C8C-608227E2D7C2} = {8ED0F069-05CA-49A8-8EA5-905D984F55D5}
		{885E08CB-ED7E-4BB0-B258-D1F38871B27A} = {8384D5CC-2A9E-474E-9014-BFB745DE9E71}
	EndGlobalSection
	GlobalSection(ExtensibilityGlobals) = postSolution
		SolutionGuid = {7F1ABDD1-3648-4B41-A57A-E25F2A7F55D2}
	EndGlobalSection
EndGlobal
